
Microsoft Visual Studio Solution File, Format Version 12.00
# Visual Studio 15
VisualStudioVersion = 15.0.27703.2026
MinimumVisualStudioVersion = 10.0.40219.1
Project("{FAE04EC0-301F-11D3-BF4B-00C04F79EFBC}") = "Vizitka", "Vizitka\Vizitka.csproj", "{48E3F7F9-BE21-4F1D-A71C-2247DBB36472}"
EndProject
Global
	GlobalSection(SolutionConfigurationPlatforms) = preSolution
		Debug|Any CPU = Debug|Any CPU
		Release|Any CPU = Release|Any CPU
	EndGlobalSection
	GlobalSection(ProjectConfigurationPlatforms) = postSolution
		{48E3F7F9-BE21-4F1D-A71C-2247DBB36472}.Debug|Any CPU.ActiveCfg = Debug|Any CPU
		{48E3F7F9-BE21-4F1D-A71C-2247DBB36472}.Debug|Any CPU.Build.0 = Debug|Any CPU
		{48E3F7F9-BE21-4F1D-A71C-2247DBB36472}.Release|Any CPU.ActiveCfg = Release|Any CPU
		{48E3F7F9-BE21-4F1D-A71C-2247DBB36472}.Release|Any CPU.Build.0 = Release|Any CPU
	EndGlobalSection
	GlobalSection(SolutionProperties) = preSolution
		HideSolutionNode = FALSE
	EndGlobalSection
	GlobalSection(ExtensibilityGlobals) = postSolution
		SolutionGuid = {94A74D3E-B318-491A-B429-1E137A30322B}
	EndGlobalSection
EndGlobal
